// !$*UTF8*$!
{
	archiveVersion = 1;
	classes = {
	};
	objectVersion = 46;
	objects = {

/* Begin PBXBuildFile section */
		5F4158641ED2B56F006B034E /* FacialExpression.swift in Sources */ = {isa = PBXBuildFile; fileRef = 5F4158631ED2B56F006B034E /* FacialExpression.swift */; };
		5F66C1E41ED347D600C28EB8 /* EmotionsViewController.swift in Sources */ = {isa = PBXBuildFile; fileRef = 5F66C1E31ED347D600C28EB8 /* EmotionsViewController.swift */; };
		5F66C1E61ED38E1C00C28EB8 /* VCLLoggingViewController.swift in Sources */ = {isa = PBXBuildFile; fileRef = 5F66C1E51ED38E1C00C28EB8 /* VCLLoggingViewController.swift */; };
		5F7288781EDCB20A00869374 /* ExpressionEditorViewController.swift in Sources */ = {isa = PBXBuildFile; fileRef = 5F7288771EDCB20A00869374 /* ExpressionEditorViewController.swift */; };
		5FA4B1721ED226E90092FB8F /* AppDelegate.swift in Sources */ = {isa = PBXBuildFile; fileRef = 5FA4B1711ED226E90092FB8F /* AppDelegate.swift */; };
		5FA4B1741ED226E90092FB8F /* FaceViewController.swift in Sources */ = {isa = PBXBuildFile; fileRef = 5FA4B1731ED226E90092FB8F /* FaceViewController.swift */; };
		5FA4B1771ED226E90092FB8F /* Main.storyboard in Resources */ = {isa = PBXBuildFile; fileRef = 5FA4B1751ED226E90092FB8F /* Main.storyboard */; };
		5FA4B1791ED226E90092FB8F /* Assets.xcassets in Resources */ = {isa = PBXBuildFile; fileRef = 5FA4B1781ED226E90092FB8F /* Assets.xcassets */; };
		5FA4B17C1ED226E90092FB8F /* LaunchScreen.storyboard in Resources */ = {isa = PBXBuildFile; fileRef = 5FA4B17A1ED226E90092FB8F /* LaunchScreen.storyboard */; };
		5FA4B1851ED23B680092FB8F /* FaceView.swift in Sources */ = {isa = PBXBuildFile; fileRef = 5FA4B1841ED23B680092FB8F /* FaceView.swift */; };
		5FD7E8011EDBFC640069AA61 /* BlinkingViewController.swift in Sources */ = {isa = PBXBuildFile; fileRef = 5FD7E8001EDBFC640069AA61 /* BlinkingViewController.swift */; };
		5FD7E8031EDC0ADE0069AA61 /* EyeView.swift in Sources */ = {isa = PBXBuildFile; fileRef = 5FD7E8021EDC0ADE0069AA61 /* EyeView.swift */; };
/* End PBXBuildFile section */

/* Begin PBXFileReference section */
		5F4158631ED2B56F006B034E /* FacialExpression.swift */ = {isa = PBXFileReference; fileEncoding = 4; lastKnownFileType = sourcecode.swift; path = FacialExpression.swift; sourceTree = "<group>"; };
		5F66C1E31ED347D600C28EB8 /* EmotionsViewController.swift */ = {isa = PBXFileReference; fileEncoding = 4; lastKnownFileType = sourcecode.swift; path = EmotionsViewController.swift; sourceTree = "<group>"; };
		5F66C1E51ED38E1C00C28EB8 /* VCLLoggingViewController.swift */ = {isa = PBXFileReference; fileEncoding = 4; lastKnownFileType = sourcecode.swift; path = VCLLoggingViewController.swift; sourceTree = "<group>"; };
		5F7288771EDCB20A00869374 /* ExpressionEditorViewController.swift */ = {isa = PBXFileReference; fileEncoding = 4; lastKnownFileType = sourcecode.swift; path = ExpressionEditorViewController.swift; sourceTree = "<group>"; };
		5FA4B16E1ED226E90092FB8F /* FaceIt.app */ = {isa = PBXFileReference; explicitFileType = wrapper.application; includeInIndex = 0; path = FaceIt.app; sourceTree = BUILT_PRODUCTS_DIR; };
		5FA4B1711ED226E90092FB8F /* AppDelegate.swift */ = {isa = PBXFileReference; lastKnownFileType = sourcecode.swift; path = AppDelegate.swift; sourceTree = "<group>"; };
		5FA4B1731ED226E90092FB8F /* FaceViewController.swift */ = {isa = PBXFileReference; lastKnownFileType = sourcecode.swift; path = FaceViewController.swift; sourceTree = "<group>"; };
		5FA4B1761ED226E90092FB8F /* Base */ = {isa = PBXFileReference; lastKnownFileType = file.storyboard; name = Base; path = Base.lproj/Main.storyboard; sourceTree = "<group>"; };
		5FA4B1781ED226E90092FB8F /* Assets.xcassets */ = {isa = PBXFileReference; lastKnownFileType = folder.assetcatalog; path = Assets.xcassets; sourceTree = "<group>"; };
		5FA4B17B1ED226E90092FB8F /* Base */ = {isa = PBXFileReference; lastKnownFileType = file.storyboard; name = Base; path = Base.lproj/LaunchScreen.storyboard; sourceTree = "<group>"; };
		5FA4B17D1ED226E90092FB8F /* Info.plist */ = {isa = PBXFileReference; lastKnownFileType = text.plist.xml; path = Info.plist; sourceTree = "<group>"; };
		5FA4B1841ED23B680092FB8F /* FaceView.swift */ = {isa = PBXFileReference; fileEncoding = 4; lastKnownFileType = sourcecode.swift; path = FaceView.swift; sourceTree = "<group>"; };
		5FD7E8001EDBFC640069AA61 /* BlinkingViewController.swift */ = {isa = PBXFileReference; fileEncoding = 4; lastKnownFileType = sourcecode.swift; path = BlinkingViewController.swift; sourceTree = "<group>"; };
		5FD7E8021EDC0ADE0069AA61 /* EyeView.swift */ = {isa = PBXFileReference; fileEncoding = 4; lastKnownFileType = sourcecode.swift; path = EyeView.swift; sourceTree = "<group>"; };
/* End PBXFileReference section */

/* Begin PBXFrameworksBuildPhase section */
		5FA4B16B1ED226E90092FB8F /* Frameworks */ = {
			isa = PBXFrameworksBuildPhase;
			buildActionMask = 2147483647;
			files = (
			);
			runOnlyForDeploymentPostprocessing = 0;
		};
/* End PBXFrameworksBuildPhase section */

/* Begin PBXGroup section */
		5FA4B1651ED226E90092FB8F = {
			isa = PBXGroup;
			children = (
				5FA4B1701ED226E90092FB8F /* FaceIt */,
				5FA4B16F1ED226E90092FB8F /* Products */,
			);
			sourceTree = "<group>";
		};
		5FA4B16F1ED226E90092FB8F /* Products */ = {
			isa = PBXGroup;
			children = (
				5FA4B16E1ED226E90092FB8F /* FaceIt.app */,
			);
			name = Products;
			sourceTree = "<group>";
		};
		5FA4B1701ED226E90092FB8F /* FaceIt */ = {
			isa = PBXGroup;
			children = (
				5FA4B1831ED23AE70092FB8F /* Supporting Files */,
				5FA4B1731ED226E90092FB8F /* FaceViewController.swift */,
				5F66C1E51ED38E1C00C28EB8 /* VCLLoggingViewController.swift */,
				5FA4B1841ED23B680092FB8F /* FaceView.swift */,
				5F4158631ED2B56F006B034E /* FacialExpression.swift */,
				5FA4B1751ED226E90092FB8F /* Main.storyboard */,
				5F7288771EDCB20A00869374 /* ExpressionEditorViewController.swift */,
				5F66C1E31ED347D600C28EB8 /* EmotionsViewController.swift */,
				5FD7E8001EDBFC640069AA61 /* BlinkingViewController.swift */,
				5FD7E8021EDC0ADE0069AA61 /* EyeView.swift */,
			);
			path = FaceIt;
			sourceTree = "<group>";
		};
		5FA4B1831ED23AE70092FB8F /* Supporting Files */ = {
			isa = PBXGroup;
			children = (
				5FA4B1711ED226E90092FB8F /* AppDelegate.swift */,
				5FA4B1781ED226E90092FB8F /* Assets.xcassets */,
				5FA4B17A1ED226E90092FB8F /* LaunchScreen.storyboard */,
				5FA4B17D1ED226E90092FB8F /* Info.plist */,
			);
			name = "Supporting Files";
			sourceTree = "<group>";
		};
/* End PBXGroup section */

/* Begin PBXNativeTarget section */
		5FA4B16D1ED226E90092FB8F /* FaceIt */ = {
			isa = PBXNativeTarget;
			buildConfigurationList = 5FA4B1801ED226E90092FB8F /* Build configuration list for PBXNativeTarget "FaceIt" */;
			buildPhases = (
				5FA4B16A1ED226E90092FB8F /* Sources */,
				5FA4B16B1ED226E90092FB8F /* Frameworks */,
				5FA4B16C1ED226E90092FB8F /* Resources */,
			);
			buildRules = (
			);
			dependencies = (
			);
			name = FaceIt;
			productName = FaceIt;
			productReference = 5FA4B16E1ED226E90092FB8F /* FaceIt.app */;
			productType = "com.apple.product-type.application";
		};
/* End PBXNativeTarget section */

/* Begin PBXProject section */
		5FA4B1661ED226E90092FB8F /* Project object */ = {
			isa = PBXProject;
			attributes = {
				LastSwiftUpdateCheck = 0830;
				LastUpgradeCheck = 0830;
				ORGANIZATIONNAME = Vito;
				TargetAttributes = {
					5FA4B16D1ED226E90092FB8F = {
						CreatedOnToolsVersion = 8.3.2;
						DevelopmentTeam = GGKX63R7SX;
						ProvisioningStyle = Automatic;
					};
				};
			};
			buildConfigurationList = 5FA4B1691ED226E90092FB8F /* Build configuration list for PBXProject "FaceIt" */;
			compatibilityVersion = "Xcode 3.2";
			developmentRegion = English;
			hasScannedForEncodings = 0;
			knownRegions = (
				en,
				Base,
			);
			mainGroup = 5FA4B1651ED226E90092FB8F;
			productRefGroup = 5FA4B16F1ED226E90092FB8F /* Products */;
			projectDirPath = "";
			projectRoot = "";
			targets = (
				5FA4B16D1ED226E90092FB8F /* FaceIt */,
			);
		};
/* End PBXProject section */

/* Begin PBXResourcesBuildPhase section */
		5FA4B16C1ED226E90092FB8F /* Resources */ = {
			isa = PBXResourcesBuildPhase;
			buildActionMask = 2147483647;
			files = (
				5FA4B17C1ED226E90092FB8F /* LaunchScreen.storyboard in Resources */,
				5FA4B1791ED226E90092FB8F /* Assets.xcassets in Resources */,
				5FA4B1771ED226E90092FB8F /* Main.storyboard in Resources */,
			);
			runOnlyForDeploymentPostprocessing = 0;
		};
/* End PBXResourcesBuildPhase section */

/* Begin PBXSourcesBuildPhase section */
		5FA4B16A1ED226E90092FB8F /* Sources */ = {
			isa = PBXSourcesBuildPhase;
			buildActionMask = 2147483647;
			files = (
				5F66C1E61ED38E1C00C28EB8 /* VCLLoggingViewController.swift in Sources */,
				5FA4B1741ED226E90092FB8F /* FaceViewController.swift in Sources */,
				5F4158641ED2B56F006B034E /* FacialExpression.swift in Sources */,
				5F66C1E41ED347D600C28EB8 /* EmotionsViewController.swift in Sources */,
				5FD7E8011EDBFC640069AA61 /* BlinkingViewController.swift in Sources */,
				5FA4B1721ED226E90092FB8F /* AppDelegate.swift in Sources */,
				5F7288781EDCB20A00869374 /* ExpressionEditorViewController.swift in Sources */,
				5FD7E8031EDC0ADE0069AA61 /* EyeView.swift in Sources */,
				5FA4B1851ED23B680092FB8F /* FaceView.swift in Sources */,
			);
			runOnlyForDeploymentPostprocessing = 0;
		};
/* End PBXSourcesBuildPhase section */

/* Begin PBXVariantGroup section */
		5FA4B1751ED226E90092FB8F /* Main.storyboard */ = {
			isa = PBXVariantGroup;
			children = (
				5FA4B1761ED226E90092FB8F /* Base */,
			);
			name = Main.storyboard;
			sourceTree = "<group>";
		};
		5FA4B17A1ED226E90092FB8F /* LaunchScreen.storyboard */ = {
			isa = PBXVariantGroup;
			children = (
				5FA4B17B1ED226E90092FB8F /* Base */,
			);
			name = LaunchScreen.storyboard;
			sourceTree = "<group>";
		};
/* End PBXVariantGroup section */

/* Begin XCBuildConfiguration section */
		5FA4B17E1ED226E90092FB8F /* Debug */ = {
			isa = XCBuildConfiguration;
			buildSettings = {
				ALWAYS_SEARCH_USER_PATHS = NO;
				CLANG_ANALYZER_NONNULL = YES;
				CLANG_ANALYZER_NUMBER_OBJECT_CONVERSION = YES_AGGRESSIVE;
				CLANG_CXX_LANGUAGE_STANDARD = "gnu++0x";
				CLANG_CXX_LIBRARY = "libc++";
				CLANG_ENABLE_MODULES = YES;
				CLANG_ENABLE_OBJC_ARC = YES;
				CLANG_WARN_BOOL_CONVERSION = YES;
				CLANG_WARN_CONSTANT_CONVERSION = YES;
				CLANG_WARN_DIRECT_OBJC_ISA_USAGE = YES_ERROR;
				CLANG_WARN_DOCUMENTATION_COMMENTS = YES;
				CLANG_WARN_EMPTY_BODY = YES;
				CLANG_WARN_ENUM_CONVERSION = YES;
				CLANG_WARN_INFINITE_RECURSION = YES;
				CLANG_WARN_INT_CONVERSION = YES;
				CLANG_WARN_OBJC_ROOT_CLASS = YES_ERROR;
				CLANG_WARN_SUSPICIOUS_MOVE = YES;
				CLANG_WARN_UNREACHABLE_CODE = YES;
				CLANG_WARN__DUPLICATE_METHOD_MATCH = YES;
				"CODE_SIGN_IDENTITY[sdk=iphoneos*]" = "iPhone Developer";
				COPY_PHASE_STRIP = NO;
				DEBUG_INFORMATION_FORMAT = dwarf;
				ENABLE_STRICT_OBJC_MSGSEND = YES;
				ENABLE_TESTABILITY = YES;
				GCC_C_LANGUAGE_STANDARD = gnu99;
				GCC_DYNAMIC_NO_PIC = NO;
				GCC_NO_COMMON_BLOCKS = YES;
				GCC_OPTIMIZATION_LEVEL = 0;
				GCC_PREPROCESSOR_DEFINITIONS = (
					"DEBUG=1",
					"$(inherited)",
				);
				GCC_WARN_64_TO_32_BIT_CONVERSION = YES;
				GCC_WARN_ABOUT_RETURN_TYPE = YES_ERROR;
				GCC_WARN_UNDECLARED_SELECTOR = YES;
				GCC_WARN_UNINITIALIZED_AUTOS = YES_AGGRESSIVE;
				GCC_WARN_UNUSED_FUNCTION = YES;
				GCC_WARN_UNUSED_VARIABLE = YES;
				IPHONEOS_DEPLOYMENT_TARGET = 10.3;
				MTL_ENABLE_DEBUG_INFO = YES;
				ONLY_ACTIVE_ARCH = YES;
				SDKROOT = iphoneos;
				SWIFT_ACTIVE_COMPILATION_CONDITIONS = DEBUG;
				SWIFT_OPTIMIZATION_LEVEL = "-Onone";
				TARGETED_DEVICE_FAMILY = "1,2";
			};
			name = Debug;
		};
		5FA4B17F1ED226E90092FB8F /* Release */ = {
			isa = XCBuildConfiguration;
			buildSettings = {
				ALWAYS_SEARCH_USER_PATHS = NO;
				CLANG_ANALYZER_NONNULL = YES;
				CLANG_ANALYZER_NUMBER_OBJECT_CONVERSION = YES_AGGRESSIVE;
				CLANG_CXX_LANGUAGE_STANDARD = "gnu++0x";
				CLANG_CXX_LIBRARY = "libc++";
				CLANG_ENABLE_MODULES = YES;
				CLANG_ENABLE_OBJC_ARC = YES;
				CLANG_WARN_BOOL_CONVERSION = YES;
				CLANG_WARN_CONSTANT_CONVERSION = YES;
				CLANG_WARN_DIRECT_OBJC_ISA_USAGE = YES_ERROR;
				CLANG_WARN_DOCUMENTATION_COMMENTS = YES;
				CLANG_WARN_EMPTY_BODY = YES;
				CLANG_WARN_ENUM_CONVERSION = YES;
				CLANG_WARN_INFINITE_RECURSION = YES;
				CLANG_WARN_INT_CONVERSION = YES;
				CLANG_WARN_OBJC_ROOT_CLASS = YES_ERROR;
				CLANG_WARN_SUSPICIOUS_MOVE = YES;
				CLANG_WARN_UNREACHABLE_CODE = YES;
				CLANG_WARN__DUPLICATE_METHOD_MATCH = YES;
				"CODE_SIGN_IDENTITY[sdk=iphoneos*]" = "iPhone Developer";
				COPY_PHASE_STRIP = NO;
				DEBUG_INFORMATION_FORMAT = "dwarf-with-dsym";
				ENABLE_NS_ASSERTIONS = NO;
				ENABLE_STRICT_OBJC_MSGSEND = YES;
				GCC_C_LANGUAGE_STANDARD = gnu99;
				GCC_NO_COMMON_BLOCKS = YES;
				GCC_WARN_64_TO_32_BIT_CONVERSION = YES;
				GCC_WARN_ABOUT_RETURN_TYPE = YES_ERROR;
				GCC_WARN_UNDECLARED_SELECTOR = YES;
				GCC_WARN_UNINITIALIZED_AUTOS = YES_AGGRESSIVE;
				GCC_WARN_UNUSED_FUNCTION = YES;
				GCC_WARN_UNUSED_VARIABLE = YES;
				IPHONEOS_DEPLOYMENT_TARGET = 10.3;
				MTL_ENABLE_DEBUG_INFO = NO;
				SDKROOT = iphoneos;
				SWIFT_OPTIMIZATION_LEVEL = "-Owholemodule";
				TARGETED_DEVICE_FAMILY = "1,2";
				VALIDATE_PRODUCT = YES;
			};
			name = Release;
		};
		5FA4B1811ED226E90092FB8F /* Debug */ = {
			isa = XCBuildConfiguration;
			buildSettings = {
				ASSETCATALOG_COMPILER_APPICON_NAME = AppIcon;
				DEVELOPMENT_TEAM = GGKX63R7SX;
				INFOPLIST_FILE = FaceIt/Info.plist;
				LD_RUNPATH_SEARCH_PATHS = "$(inherited) @executable_path/Frameworks";
				PRODUCT_BUNDLE_IDENTIFIER = com.vitovalov.FaceIt;
				PRODUCT_NAME = "$(TARGET_NAME)";
				SWIFT_VERSION = 3.0;
			};
			name = Debug;
		};
		5FA4B1821ED226E90092FB8F /* Release */ = {
			isa = XCBuildConfiguration;
			buildSettings = {
				ASSETCATALOG_COMPILER_APPICON_NAME = AppIcon;
				DEVELOPMENT_TEAM = GGKX63R7SX;
				INFOPLIST_FILE = FaceIt/Info.plist;
				LD_RUNPATH_SEARCH_PATHS = "$(inherited) @executable_path/Frameworks";
				PRODUCT_BUNDLE_IDENTIFIER = com.vitovalov.FaceIt;
				PRODUCT_NAME = "$(TARGET_NAME)";
				SWIFT_VERSION = 3.0;
			};
			name = Release;
		};
/* End XCBuildConfiguration section */

/* Begin XCConfigurationList section */
		5FA4B1691ED226E90092FB8F /* Build configuration list for PBXProject "FaceIt" */ = {
			isa = XCConfigurationList;
			buildConfigurations = (
				5FA4B17E1ED226E90092FB8F /* Debug */,
				5FA4B17F1ED226E90092FB8F /* Release */,
			);
			defaultConfigurationIsVisible = 0;
			defaultConfigurationName = Release;
		};
		5FA4B1801ED226E90092FB8F /* Build configuration list for PBXNativeTarget "FaceIt" */ = {
			isa = XCConfigurationList;
			buildConfigurations = (
				5FA4B1811ED226E90092FB8F /* Debug */,
				5FA4B1821ED226E90092FB8F /* Release */,
			);
			defaultConfigurationIsVisible = 0;
			defaultConfigurationName = Release;
		};
/* End XCConfigurationList section */
	};
	rootObject = 5FA4B1661ED226E90092FB8F /* Project object */;
}
